{
  "name": "v12",
  "version": "1.0.0",
  "lockfileVersion": 3,
  "requires": true,
  "packages": {
    "": {
      "name": "v12",
      "version": "1.0.0",
      "license": "ISC",
      "dependencies": {
        "@fontsource/noto-sans-sc": "^5.3.0",
        "@fontsource/orbitron": "^5.3.0",
        "@fontsource/rajdhani": "^5.3.0",
        "three": "^0.170.0"
      }
    },
    "node_modules/@fontsource/noto-sans-sc": {
      "version": "5.3.0",
      "resolved": "https://registry.npmjs.org/@fontsource/noto-sans-sc/-/noto-sans-sc-5.3.0.tgz",
      "integrity": "sha512-HeqIlGm0+ohOKxZLuHj1qW6r6avHH0OWdKERAcSDI0RQ+MXrteuLKA+M+5eOA8rYy0MFvOR5AT0fQo2rUkye0Q==",
      "license": "OFL-1.1",
      "funding": {
        "url": "https://github.com/sponsors/ayuhito"
      }
    },
    "node_modules/@fontsource/orbitron": {
      "version": "5.3.0",
      "resolved": "https://registry.npmjs.org/@fontsource/orbitron/-/orbitron-5.3.0.tgz",
      "integrity": "sha512-+BhPsbUAo/AF7sRcf+TEexm+EWWkgTiR9Zwb7AhYIPkc5oplfvw0C45Oc2xlKPhwVEmxG8hHuA6/Ansbl+Bc6w==",
      "license": "OFL-1.1",
      "funding": {
        "url": "https://github.com/sponsors/ayuhito"
      }
    },
    "node_modules/@fontsource/rajdhani": {
      "version": "5.3.0",
      "resolved": "https://registry.npmjs.org/@fontsource/rajdhani/-/rajdhani-5.3.0.tgz",
      "integrity": "sha512-oBJgSIibWJvVBKseme1JczqPLoDHN97LHti4uh0LjfcJqQoVmnQQlRKIpEjTJV559rmVQ6qbVZZwKwk2wkBTtw==",
      "license": "OFL-1.1",
      "funding": {
        "url": "https://github.com/sponsors/ayuhito"
      }
    },
    "node_modules/three": {
      "version": "0.170.0",
      "resolved": "https://registry.npmjs.org/three/-/three-0.170.0.tgz",
      "integrity": "sha512-FQK+LEpYc0fBD+J8g6oSEyyNzjp+Q7Ks1C568WWaoMRLW+TkNNWmenWeGgJjV105Gd+p/2ql1ZcjYvNiPZBhuQ==",
      "license": "MIT"
    }
  }
}
